schema: '2.0'
stages:
  data_ingestion:
    cmd: python src/Chicken_Disease_Classification/pipeline/stage_01_data_ingestion.py
    deps:
    - path: config/config.yaml
      hash: md5
      md5: 4fb666ec25a14f353872231d23d675ad
      size: 824
    - path: src/Chicken_Disease_Classification/pipeline/stage_01_data_ingestion.py
      hash: md5
      md5: 990b641da435ec0b9c6cf2d9f0db3677
      size: 944
    outs:
    - path: artifacts/data_ingestion/Chicken-fecal-images
      hash: md5
      md5: 9e1f8dd2eae3c29e9d635df89d438ae4.dir
      size: 12207807
      nfiles: 390
  prepare_base_model:
    cmd: python src/Chicken_Disease_Classification/pipeline/stage_02_prepare_base_model.py
    deps:
    - path: config/config.yaml
      hash: md5
      md5: 4fb666ec25a14f353872231d23d675ad
      size: 824
    - path: src/Chicken_Disease_Classification/pipeline/stage_02_prepare_base_model.py
      hash: md5
      md5: af1e935d2b78fd24f1505f7188d7d643
      size: 1051
    params:
      params.yaml:
        CLASSES: 2
        IMAGE_SIZE:
        - 224
        - 224
        - 3
        INCLUDE_TOP: false
        LEARNING_RATE: 0.01
        WEIGHTS: imagenet
    outs:
    - path: artifacts/prepare_base_model
      hash: md5
      md5: 07d4f9c7b5ec99cc024a6897d8a798e9.dir
      size: 118061401
      nfiles: 2
  training:
    cmd: python src/Chicken_Disease_Classification/pipeline/stage_03_training.py
    deps:
    - path: artifacts/data_ingestion/Chicken-fecal-images
      hash: md5
      md5: 9e1f8dd2eae3c29e9d635df89d438ae4.dir
      size: 12207807
      nfiles: 390
    - path: artifacts/prepare_base_model
      hash: md5
      md5: 07d4f9c7b5ec99cc024a6897d8a798e9.dir
      size: 118061401
      nfiles: 2
    - path: config/config.yaml
      hash: md5
      md5: 4fb666ec25a14f353872231d23d675ad
      size: 824
    - path: src/Chicken_Disease_Classification/components/prepare_callbacks.py
      hash: md5
      md5: 1a372f17731e354c5273edcc4875c5e8
      size: 1051
    - path: src/Chicken_Disease_Classification/pipeline/stage_03_training.py
      hash: md5
      md5: 34829e5db3ea3ad6ef6d74b4c2a076ac
      size: 974
    params:
      params.yaml:
        AUGMENTATION: true
        BATCH_SIZE: 32
        EPOCHS: 16
        IMAGE_SIZE:
        - 224
        - 224
        - 3
    outs:
    - path: artifacts/training/model.keras
      hash: md5
      md5: 822908e24d8e3c20a72af1c8b5d51597
      size: 59135201
  evaluation:
    cmd: python src/Chicken_Disease_Classification/pipeline/stage_04_evaluation.py
    deps:
    - path: artifacts/data_ingestion/Chicken-fecal-images
      hash: md5
      md5: 9e1f8dd2eae3c29e9d635df89d438ae4.dir
      size: 12207807
      nfiles: 390
    - path: artifacts/training/model.keras
      hash: md5
      md5: 822908e24d8e3c20a72af1c8b5d51597
      size: 59135201
    - path: config/config.yaml
      hash: md5
      md5: 4fb666ec25a14f353872231d23d675ad
      size: 824
    - path: src/Chicken_Disease_Classification/pipeline/stage_04_evaluation.py
      hash: md5
      md5: e4437a61300beb1b83e5f2f5c720cae9
      size: 938
    params:
      params.yaml:
        BATCH_SIZE: 32
        IMAGE_SIZE:
        - 224
        - 224
        - 3
    outs:
    - path: scores.json
      hash: md5
      md5: 5989375691a55643f698a7e659e314d5
      size: 73
