schema: '2.0'
stages:
  data_ingestion:
    cmd: python src/Chicken_Disease_Classification/pipeline/stage_01_data_ingestion.py
    deps:
    - path: config/config.yaml
      hash: md5
      md5: d0d8e7190c60b62621d729a36f5c4c2d
      size: 810
    - path: src/Chicken_Disease_Classification/pipeline/stage_01_data_ingestion.py
      hash: md5
      md5: 990b641da435ec0b9c6cf2d9f0db3677
      size: 944
    outs:
    - path: artifacts/data_ingestion/Chicken-fecal-images
      hash: md5
      md5: 9e1f8dd2eae3c29e9d635df89d438ae4.dir
      size: 12207807
      nfiles: 390
  prepare_base_model:
    cmd: python src/Chicken_Disease_Classification/pipeline/stage_02_prepare_base_model.py
    deps:
    - path: config/config.yaml
      hash: md5
      md5: d0d8e7190c60b62621d729a36f5c4c2d
      size: 810
    - path: src/Chicken_Disease_Classification/pipeline/stage_02_prepare_base_model.py
      hash: md5
      md5: af1e935d2b78fd24f1505f7188d7d643
      size: 1051
    params:
      params.yaml:
        CLASSES: 2
        IMAGE_SIZE:
        - 224
        - 224
        - 3
        INCLUDE_TOP: false
        LEARNING_RATE: 0.01
        WEIGHTS: imagenet
    outs:
    - path: artifacts/prepare_base_model
      hash: md5
      md5: 9ddca90100a60c054a899cdde540bb86.dir
      size: 118059248
      nfiles: 2
