schema: '2.0'
stages:
  data_ingestion:
    cmd: python src/Chicken_Disease_Classification/pipeline/stage_01_data_ingestion.py
    deps:
    - path: config/config.yaml
      hash: md5
      md5: b965fb077270eda93f51e114e376bc23
      size: 784
    - path: src/Chicken_Disease_Classification/pipeline/stage_01_data_ingestion.py
      hash: md5
      md5: 5e8a02bafcfa1adc61376a4cf85de9fd
      size: 914
    outs:
    - path: artifacts/data_ingestion/Chicken-fecal-images
      hash: md5
      md5: 9e1f8dd2eae3c29e9d635df89d438ae4.dir
      size: 12207807
      nfiles: 390
  prepare_base_model:
    cmd: python src/Chicken_Disease_Classification/pipeline/stage_02_prepare_base_model.py
    deps:
    - path: config/config.yaml
      hash: md5
      md5: b965fb077270eda93f51e114e376bc23
      size: 784
    - path: src/Chicken_Disease_Classification/pipeline/stage_02_prepare_base_model.py
      hash: md5
      md5: 15844ffb4a91a0716e72f34a836f8572
      size: 1023
    params:
      params.yaml:
        CLASSES: 2
        IMAGE_SIZE:
        - 224
        - 224
        - 3
        INCLUDE_TOP: false
        LEARNING_RATE: 0.01
        WEIGHTS: imagenet
    outs:
    - path: artifacts/prepare_base_model
      hash: md5
      md5: fc23852d23d3ab13d05486d52367a028.dir
      size: 118059248
      nfiles: 2
  training:
    cmd: python src/Chicken_Disease_Classification/pipeline/stage_03_training.py
    deps:
    - path: artifacts/data_ingestion/Chicken-fecal-images
      hash: md5
      md5: 9e1f8dd2eae3c29e9d635df89d438ae4.dir
      size: 12207807
      nfiles: 390
    - path: artifacts/prepare_base_model
      hash: md5
      md5: fc23852d23d3ab13d05486d52367a028.dir
      size: 118059248
      nfiles: 2
    - path: config/config.yaml
      hash: md5
      md5: b965fb077270eda93f51e114e376bc23
      size: 784
    - path: src/Chicken_Disease_Classification/components/prepare_callbacks.py
      hash: md5
      md5: b36af02764ee103660eeb07e36681ffa
      size: 1019
    - path: src/Chicken_Disease_Classification/pipeline/stage_03_training.py
      hash: md5
      md5: 46daeff0729d362d44b3f446a6ab5a5e
      size: 939
    params:
      params.yaml:
        AUGMENTATION: true
        BATCH_SIZE: 16
        EPOCHS: 6
        IMAGE_SIZE:
        - 224
        - 224
        - 3
    outs:
    - path: artifacts/training/model.h5
      hash: md5
      md5: e9ca597e0520fdd16dfd33ea10d964ef
      size: 59340720
  evaluation:
    cmd: python src/Chicken_Disease_Classification/pipeline/stage_04_evaluation.py
    deps:
    - path: artifacts/data_ingestion/Chicken-fecal-images
      hash: md5
      md5: 9e1f8dd2eae3c29e9d635df89d438ae4.dir
      size: 12207807
      nfiles: 390
    - path: artifacts/training/model.h5
      hash: md5
      md5: e9ca597e0520fdd16dfd33ea10d964ef
      size: 59340720
    - path: config/config.yaml
      hash: md5
      md5: b965fb077270eda93f51e114e376bc23
      size: 784
    - path: src/Chicken_Disease_Classification/pipeline/stage_04_evaluation.py
      hash: md5
      md5: fb6006e8433774fdb3f8045fe4ebb086
      size: 903
    params:
      params.yaml:
        BATCH_SIZE: 16
        IMAGE_SIZE:
        - 224
        - 224
        - 3
    outs:
    - path: scores.json
      hash: md5
      md5: a85c4caa8ba5da4c0a3041bc634c5730
      size: 70
